
Microsoft Visual Studio Solution File, Format Version 12.00
# Visual Studio Version 17
VisualStudioVersion = 17.11.35327.3
MinimumVisualStudioVersion = 10.0.40219.1
Project("{F184B08F-C81C-45F6-A57F-5ABD9991F28F}") = "menupizza", "menupizza.vbproj", "{ABDFB253-0F8C-413D-839F-AE2B5D46C08D}"
EndProject
Global
	GlobalSection(SolutionConfigurationPlatforms) = preSolution
		Debug|Any CPU = Debug|Any CPU
		Release|Any CPU = Release|Any CPU
	EndGlobalSection
	GlobalSection(ProjectConfigurationPlatforms) = postSolution
		{ABDFB253-0F8C-413D-839F-AE2B5D46C08D}.Debug|Any CPU.ActiveCfg = Debug|Any CPU
		{ABDFB253-0F8C-413D-839F-AE2B5D46C08D}.Debug|Any CPU.Build.0 = Debug|Any CPU
		{ABDFB253-0F8C-413D-839F-AE2B5D46C08D}.Release|Any CPU.ActiveCfg = Release|Any CPU
		{ABDFB253-0F8C-413D-839F-AE2B5D46C08D}.Release|Any CPU.Build.0 = Release|Any CPU
	EndGlobalSection
	GlobalSection(SolutionProperties) = preSolution
		HideSolutionNode = FALSE
	EndGlobalSection
	GlobalSection(ExtensibilityGlobals) = postSolution
		SolutionGuid = {21749DC8-ED5D-4DC6-8D35-2E070C050978}
	EndGlobalSection
EndGlobal
